
Microsoft Visual Studio Solution File, Format Version 12.00
# Visual Studio Version 17
VisualStudioVersion = 17.5.002.0
MinimumVisualStudioVersion = 10.0.40219.1
Project("{9A19103F-16F7-4668-BE54-9A1E7A4F7556}") = "RecipeBoxClient", "RecipeBoxClient\RecipeBoxClient.csproj", "{A3402F28-E3A2-4936-9E87-B070FB869FF5}"
EndProject
Global
	GlobalSection(SolutionConfigurationPlatforms) = preSolution
		Debug|Any CPU = Debug|Any CPU
		Release|Any CPU = Release|Any CPU
	EndGlobalSection
	GlobalSection(ProjectConfigurationPlatforms) = postSolution
		{A3402F28-E3A2-4936-9E87-B070FB869FF5}.Debug|Any CPU.ActiveCfg = Debug|Any CPU
		{A3402F28-E3A2-4936-9E87-B070FB869FF5}.Debug|Any CPU.Build.0 = Debug|Any CPU
		{A3402F28-E3A2-4936-9E87-B070FB869FF5}.Release|Any CPU.ActiveCfg = Release|Any CPU
		{A3402F28-E3A2-4936-9E87-B070FB869FF5}.Release|Any CPU.Build.0 = Release|Any CPU
	EndGlobalSection
	GlobalSection(SolutionProperties) = preSolution
		HideSolutionNode = FALSE
	EndGlobalSection
	GlobalSection(ExtensibilityGlobals) = postSolution
		SolutionGuid = {A25D20AB-23AC-4D92-A8FC-98DB18745E98}
	EndGlobalSection
EndGlobal
